
Microsoft Visual Studio Solution File, Format Version 12.00
# Visual Studio 2012
Project("{FAE04EC0-301F-11D3-BF4B-00C04F79EFBC}") = "Diplomen proekt", "Diplomen proekt\Diplomen proekt.csproj", "{F290F732-6155-4FBD-B81D-6958E96156D3}"
EndProject
Global
	GlobalSection(SolutionConfigurationPlatforms) = preSolution
		Debug|Any CPU = Debug|Any CPU
		Release|Any CPU = Release|Any CPU
	EndGlobalSection
	GlobalSection(ProjectConfigurationPlatforms) = postSolution
		{F290F732-6155-4FBD-B81D-6958E96156D3}.Debug|Any CPU.ActiveCfg = Debug|Any CPU
		{F290F732-6155-4FBD-B81D-6958E96156D3}.Debug|Any CPU.Build.0 = Debug|Any CPU
		{F290F732-6155-4FBD-B81D-6958E96156D3}.Release|Any CPU.ActiveCfg = Release|Any CPU
		{F290F732-6155-4FBD-B81D-6958E96156D3}.Release|Any CPU.Build.0 = Release|Any CPU
	EndGlobalSection
	GlobalSection(SolutionProperties) = preSolution
		HideSolutionNode = FALSE
	EndGlobalSection
EndGlobal
